// !$*UTF8*$!
{
	archiveVersion = 1;
	classes = {
	};
	objectVersion = 55;
	objects = {

/* Begin PBXBuildFile section */
		D3826F1A2853A56D00BFD607 /* MoscowCityHackAppApp.swift in Sources */ = {isa = PBXBuildFile; fileRef = D3826F192853A56D00BFD607 /* MoscowCityHackAppApp.swift */; };
		D3826F1E2853A57000BFD607 /* Assets.xcassets in Resources */ = {isa = PBXBuildFile; fileRef = D3826F1D2853A57000BFD607 /* Assets.xcassets */; };
		D3826F212853A57000BFD607 /* Preview Assets.xcassets in Resources */ = {isa = PBXBuildFile; fileRef = D3826F202853A57000BFD607 /* Preview Assets.xcassets */; };
		D3826F322853B3C600BFD607 /* RiveRuntime in Frameworks */ = {isa = PBXBuildFile; productRef = D3826F312853B3C600BFD607 /* RiveRuntime */; };
		D3826F352853BC9300BFD607 /* Extensions.swift in Sources */ = {isa = PBXBuildFile; fileRef = D3826F342853BC9300BFD607 /* Extensions.swift */; };
		D3826F372853BCDF00BFD607 /* SignInView.swift in Sources */ = {isa = PBXBuildFile; fileRef = D3826F362853BCDF00BFD607 /* SignInView.swift */; };
		D3826F3A2853BEBB00BFD607 /* confetti.riv in Resources */ = {isa = PBXBuildFile; fileRef = D3826F392853BEBB00BFD607 /* confetti.riv */; };
		D3826F412853BEE100BFD607 /* house.riv in Resources */ = {isa = PBXBuildFile; fileRef = D3826F3B2853BEE100BFD607 /* house.riv */; };
		D3826F422853BEE100BFD607 /* icons.riv in Resources */ = {isa = PBXBuildFile; fileRef = D3826F3C2853BEE100BFD607 /* icons.riv */; };
		D3826F432853BEE100BFD607 /* menu_button.riv in Resources */ = {isa = PBXBuildFile; fileRef = D3826F3D2853BEE100BFD607 /* menu_button.riv */; };
		D3826F442853BEE100BFD607 /* shapes.riv in Resources */ = {isa = PBXBuildFile; fileRef = D3826F3E2853BEE100BFD607 /* shapes.riv */; };
		D3826F452853BEE100BFD607 /* check.riv in Resources */ = {isa = PBXBuildFile; fileRef = D3826F3F2853BEE100BFD607 /* check.riv */; };
		D3826F462853BEE100BFD607 /* button.riv in Resources */ = {isa = PBXBuildFile; fileRef = D3826F402853BEE100BFD607 /* button.riv */; };
		D3826F4A2853BEFB00BFD607 /* CourseSection.swift in Sources */ = {isa = PBXBuildFile; fileRef = D3826F482853BEFB00BFD607 /* CourseSection.swift */; };
		D3826F4B2853BEFB00BFD607 /* Course.swift in Sources */ = {isa = PBXBuildFile; fileRef = D3826F492853BEFB00BFD607 /* Course.swift */; };
		D3826F4F2853BF1900BFD607 /* CustomButton.swift in Sources */ = {isa = PBXBuildFile; fileRef = D3826F4C2853BF1900BFD607 /* CustomButton.swift */; };
		D3826F502853BF1900BFD607 /* CustomFont.swift in Sources */ = {isa = PBXBuildFile; fileRef = D3826F4D2853BF1900BFD607 /* CustomFont.swift */; };
		D3826F512853BF1900BFD607 /* CustomTextField.swift in Sources */ = {isa = PBXBuildFile; fileRef = D3826F4E2853BF1900BFD607 /* CustomTextField.swift */; };
		D3826F552853BF4B00BFD607 /* HCard.swift in Sources */ = {isa = PBXBuildFile; fileRef = D3826F532853BF4B00BFD607 /* HCard.swift */; };
		D3826F562853BF4B00BFD607 /* VCard.swift in Sources */ = {isa = PBXBuildFile; fileRef = D3826F542853BF4B00BFD607 /* VCard.swift */; };
		D3826F5A2853BFBB00BFD607 /* OnboardingView.swift in Sources */ = {isa = PBXBuildFile; fileRef = D3826F582853BFBA00BFD607 /* OnboardingView.swift */; };
		D3826F5B2853BFBB00BFD607 /* HomeView.swift in Sources */ = {isa = PBXBuildFile; fileRef = D3826F592853BFBB00BFD607 /* HomeView.swift */; };
		D3826F602853BFE600BFD607 /* SideMenu.swift in Sources */ = {isa = PBXBuildFile; fileRef = D3826F5D2853BFE600BFD607 /* SideMenu.swift */; };
		D3826F612853BFE600BFD607 /* ContentView.swift in Sources */ = {isa = PBXBuildFile; fileRef = D3826F5E2853BFE600BFD607 /* ContentView.swift */; };
		D3826F622853BFE600BFD607 /* TabBar.swift in Sources */ = {isa = PBXBuildFile; fileRef = D3826F5F2853BFE600BFD607 /* TabBar.swift */; };
		D3826F672853C24500BFD607 /* Inter-Regular.ttf in Resources */ = {isa = PBXBuildFile; fileRef = D3826F642853C24500BFD607 /* Inter-Regular.ttf */; };
		D3826F682853C24500BFD607 /* Inter-SemiBold.ttf in Resources */ = {isa = PBXBuildFile; fileRef = D3826F652853C24500BFD607 /* Inter-SemiBold.ttf */; };
		D3826F692853C24500BFD607 /* Poppins-Bold.ttf in Resources */ = {isa = PBXBuildFile; fileRef = D3826F662853C24500BFD607 /* Poppins-Bold.ttf */; };
		D3AEEC742853D7A60069C74D /* UserDataService.swift in Sources */ = {isa = PBXBuildFile; fileRef = D3AEEC732853D7A60069C74D /* UserDataService.swift */; };
		D3AEEC762853DA000069C74D /* ProfileView.swift in Sources */ = {isa = PBXBuildFile; fileRef = D3AEEC752853DA000069C74D /* ProfileView.swift */; };
		D3AEEC782853DFEA0069C74D /* ViewModel.swift in Sources */ = {isa = PBXBuildFile; fileRef = D3AEEC772853DFEA0069C74D /* ViewModel.swift */; };
/* End PBXBuildFile section */

/* Begin PBXFileReference section */
		D3826F162853A56D00BFD607 /* MoscowCityHackApp.app */ = {isa = PBXFileReference; explicitFileType = wrapper.application; includeInIndex = 0; path = MoscowCityHackApp.app; sourceTree = BUILT_PRODUCTS_DIR; };
		D3826F192853A56D00BFD607 /* MoscowCityHackAppApp.swift */ = {isa = PBXFileReference; lastKnownFileType = sourcecode.swift; path = MoscowCityHackAppApp.swift; sourceTree = "<group>"; };
		D3826F1D2853A57000BFD607 /* Assets.xcassets */ = {isa = PBXFileReference; lastKnownFileType = folder.assetcatalog; path = Assets.xcassets; sourceTree = "<group>"; };
		D3826F202853A57000BFD607 /* Preview Assets.xcassets */ = {isa = PBXFileReference; lastKnownFileType = folder.assetcatalog; path = "Preview Assets.xcassets"; sourceTree = "<group>"; };
		D3826F342853BC9300BFD607 /* Extensions.swift */ = {isa = PBXFileReference; lastKnownFileType = sourcecode.swift; path = Extensions.swift; sourceTree = "<group>"; };
		D3826F362853BCDF00BFD607 /* SignInView.swift */ = {isa = PBXFileReference; lastKnownFileType = sourcecode.swift; path = SignInView.swift; sourceTree = "<group>"; };
		D3826F392853BEBB00BFD607 /* confetti.riv */ = {isa = PBXFileReference; lastKnownFileType = file; path = confetti.riv; sourceTree = "<group>"; };
		D3826F3B2853BEE100BFD607 /* house.riv */ = {isa = PBXFileReference; lastKnownFileType = file; path = house.riv; sourceTree = "<group>"; };
		D3826F3C2853BEE100BFD607 /* icons.riv */ = {isa = PBXFileReference; lastKnownFileType = file; path = icons.riv; sourceTree = "<group>"; };
		D3826F3D2853BEE100BFD607 /* menu_button.riv */ = {isa = PBXFileReference; lastKnownFileType = file; path = menu_button.riv; sourceTree = "<group>"; };
		D3826F3E2853BEE100BFD607 /* shapes.riv */ = {isa = PBXFileReference; lastKnownFileType = file; path = shapes.riv; sourceTree = "<group>"; };
		D3826F3F2853BEE100BFD607 /* check.riv */ = {isa = PBXFileReference; lastKnownFileType = file; path = check.riv; sourceTree = "<group>"; };
		D3826F402853BEE100BFD607 /* button.riv */ = {isa = PBXFileReference; lastKnownFileType = file; path = button.riv; sourceTree = "<group>"; };
		D3826F482853BEFB00BFD607 /* CourseSection.swift */ = {isa = PBXFileReference; fileEncoding = 4; lastKnownFileType = sourcecode.swift; path = CourseSection.swift; sourceTree = "<group>"; };
		D3826F492853BEFB00BFD607 /* Course.swift */ = {isa = PBXFileReference; fileEncoding = 4; lastKnownFileType = sourcecode.swift; path = Course.swift; sourceTree = "<group>"; };
		D3826F4C2853BF1900BFD607 /* CustomButton.swift */ = {isa = PBXFileReference; fileEncoding = 4; lastKnownFileType = sourcecode.swift; path = CustomButton.swift; sourceTree = "<group>"; };
		D3826F4D2853BF1900BFD607 /* CustomFont.swift */ = {isa = PBXFileReference; fileEncoding = 4; lastKnownFileType = sourcecode.swift; path = CustomFont.swift; sourceTree = "<group>"; };
		D3826F4E2853BF1900BFD607 /* CustomTextField.swift */ = {isa = PBXFileReference; fileEncoding = 4; lastKnownFileType = sourcecode.swift; path = CustomTextField.swift; sourceTree = "<group>"; };
		D3826F532853BF4B00BFD607 /* HCard.swift */ = {isa = PBXFileReference; fileEncoding = 4; lastKnownFileType = sourcecode.swift; path = HCard.swift; sourceTree = "<group>"; };
		D3826F542853BF4B00BFD607 /* VCard.swift */ = {isa = PBXFileReference; fileEncoding = 4; lastKnownFileType = sourcecode.swift; path = VCard.swift; sourceTree = "<group>"; };
		D3826F582853BFBA00BFD607 /* OnboardingView.swift */ = {isa = PBXFileReference; fileEncoding = 4; lastKnownFileType = sourcecode.swift; path = OnboardingView.swift; sourceTree = "<group>"; };
		D3826F592853BFBB00BFD607 /* HomeView.swift */ = {isa = PBXFileReference; fileEncoding = 4; lastKnownFileType = sourcecode.swift; path = HomeView.swift; sourceTree = "<group>"; };
		D3826F5D2853BFE600BFD607 /* SideMenu.swift */ = {isa = PBXFileReference; fileEncoding = 4; lastKnownFileType = sourcecode.swift; path = SideMenu.swift; sourceTree = "<group>"; };
		D3826F5E2853BFE600BFD607 /* ContentView.swift */ = {isa = PBXFileReference; fileEncoding = 4; lastKnownFileType = sourcecode.swift; path = ContentView.swift; sourceTree = "<group>"; };
		D3826F5F2853BFE600BFD607 /* TabBar.swift */ = {isa = PBXFileReference; fileEncoding = 4; lastKnownFileType = sourcecode.swift; path = TabBar.swift; sourceTree = "<group>"; };
		D3826F642853C24500BFD607 /* Inter-Regular.ttf */ = {isa = PBXFileReference; lastKnownFileType = file; path = "Inter-Regular.ttf"; sourceTree = "<group>"; };
		D3826F652853C24500BFD607 /* Inter-SemiBold.ttf */ = {isa = PBXFileReference; lastKnownFileType = file; path = "Inter-SemiBold.ttf"; sourceTree = "<group>"; };
		D3826F662853C24500BFD607 /* Poppins-Bold.ttf */ = {isa = PBXFileReference; lastKnownFileType = file; path = "Poppins-Bold.ttf"; sourceTree = "<group>"; };
		D3AEEC732853D7A60069C74D /* UserDataService.swift */ = {isa = PBXFileReference; lastKnownFileType = sourcecode.swift; path = UserDataService.swift; sourceTree = "<group>"; };
		D3AEEC752853DA000069C74D /* ProfileView.swift */ = {isa = PBXFileReference; lastKnownFileType = sourcecode.swift; path = ProfileView.swift; sourceTree = "<group>"; };
		D3AEEC772853DFEA0069C74D /* ViewModel.swift */ = {isa = PBXFileReference; lastKnownFileType = sourcecode.swift; path = ViewModel.swift; sourceTree = "<group>"; };
/* End PBXFileReference section */

/* Begin PBXFrameworksBuildPhase section */
		D3826F132853A56D00BFD607 /* Frameworks */ = {
			isa = PBXFrameworksBuildPhase;
			buildActionMask = 2147483647;
			files = (
				D3826F322853B3C600BFD607 /* RiveRuntime in Frameworks */,
			);
			runOnlyForDeploymentPostprocessing = 0;
		};
/* End PBXFrameworksBuildPhase section */

/* Begin PBXGroup section */
		D3826F0D2853A56D00BFD607 = {
			isa = PBXGroup;
			children = (
				D3826F182853A56D00BFD607 /* MoscowCityHackApp */,
				D3826F172853A56D00BFD607 /* Products */,
			);
			sourceTree = "<group>";
		};
		D3826F172853A56D00BFD607 /* Products */ = {
			isa = PBXGroup;
			children = (
				D3826F162853A56D00BFD607 /* MoscowCityHackApp.app */,
			);
			name = Products;
			sourceTree = "<group>";
		};
		D3826F182853A56D00BFD607 /* MoscowCityHackApp */ = {
			isa = PBXGroup;
			children = (
				D3826F192853A56D00BFD607 /* MoscowCityHackAppApp.swift */,
				D3AEEC792853E0C90069C74D /* ViewModel */,
				D3AEEC722853D7860069C74D /* Service */,
				D3826F632853C20500BFD607 /* Fonts */,
				D3826F5C2853BFD500BFD607 /* Navigation */,
				D3826F572853BF7400BFD607 /* Views */,
				D3826F522853BF4200BFD607 /* Components */,
				D3826F472853BEF000BFD607 /* Model */,
				D3826F382853BEA400BFD607 /* RiveAssets */,
				D3826F332853BC5C00BFD607 /* Styles */,
				D3826F1D2853A57000BFD607 /* Assets.xcassets */,
				D3826F1F2853A57000BFD607 /* Preview Content */,
			);
			path = MoscowCityHackApp;
			sourceTree = "<group>";
		};
		D3826F1F2853A57000BFD607 /* Preview Content */ = {
			isa = PBXGroup;
			children = (
				D3826F202853A57000BFD607 /* Preview Assets.xcassets */,
			);
			path = "Preview Content";
			sourceTree = "<group>";
		};
		D3826F332853BC5C00BFD607 /* Styles */ = {
			isa = PBXGroup;
			children = (
				D3826F342853BC9300BFD607 /* Extensions.swift */,
				D3826F4C2853BF1900BFD607 /* CustomButton.swift */,
				D3826F4D2853BF1900BFD607 /* CustomFont.swift */,
				D3826F4E2853BF1900BFD607 /* CustomTextField.swift */,
			);
			path = Styles;
			sourceTree = "<group>";
		};
		D3826F382853BEA400BFD607 /* RiveAssets */ = {
			isa = PBXGroup;
			children = (
				D3826F392853BEBB00BFD607 /* confetti.riv */,
				D3826F402853BEE100BFD607 /* button.riv */,
				D3826F3F2853BEE100BFD607 /* check.riv */,
				D3826F3B2853BEE100BFD607 /* house.riv */,
				D3826F3C2853BEE100BFD607 /* icons.riv */,
				D3826F3D2853BEE100BFD607 /* menu_button.riv */,
				D3826F3E2853BEE100BFD607 /* shapes.riv */,
			);
			path = RiveAssets;
			sourceTree = "<group>";
		};
		D3826F472853BEF000BFD607 /* Model */ = {
			isa = PBXGroup;
			children = (
				D3826F492853BEFB00BFD607 /* Course.swift */,
				D3826F482853BEFB00BFD607 /* CourseSection.swift */,
			);
			path = Model;
			sourceTree = "<group>";
		};
		D3826F522853BF4200BFD607 /* Components */ = {
			isa = PBXGroup;
			children = (
				D3826F532853BF4B00BFD607 /* HCard.swift */,
				D3826F542853BF4B00BFD607 /* VCard.swift */,
			);
			path = Components;
			sourceTree = "<group>";
		};
		D3826F572853BF7400BFD607 /* Views */ = {
			isa = PBXGroup;
			children = (
				D3826F362853BCDF00BFD607 /* SignInView.swift */,
				D3826F592853BFBB00BFD607 /* HomeView.swift */,
				D3826F582853BFBA00BFD607 /* OnboardingView.swift */,
				D3AEEC752853DA000069C74D /* ProfileView.swift */,
			);
			path = Views;
			sourceTree = "<group>";
		};
		D3826F5C2853BFD500BFD607 /* Navigation */ = {
			isa = PBXGroup;
			children = (
				D3826F5E2853BFE600BFD607 /* ContentView.swift */,
				D3826F5D2853BFE600BFD607 /* SideMenu.swift */,
				D3826F5F2853BFE600BFD607 /* TabBar.swift */,
			);
			path = Navigation;
			sourceTree = "<group>";
		};
		D3826F632853C20500BFD607 /* Fonts */ = {
			isa = PBXGroup;
			children = (
				D3826F642853C24500BFD607 /* Inter-Regular.ttf */,
				D3826F652853C24500BFD607 /* Inter-SemiBold.ttf */,
				D3826F662853C24500BFD607 /* Poppins-Bold.ttf */,
			);
			path = Fonts;
			sourceTree = "<group>";
		};
		D3AEEC722853D7860069C74D /* Service */ = {
			isa = PBXGroup;
			children = (
				D3AEEC732853D7A60069C74D /* UserDataService.swift */,
			);
			path = Service;
			sourceTree = "<group>";
		};
		D3AEEC792853E0C90069C74D /* ViewModel */ = {
			isa = PBXGroup;
			children = (
				D3AEEC772853DFEA0069C74D /* ViewModel.swift */,
			);
			path = ViewModel;
			sourceTree = "<group>";
		};
/* End PBXGroup section */

/* Begin PBXNativeTarget section */
		D3826F152853A56D00BFD607 /* MoscowCityHackApp */ = {
			isa = PBXNativeTarget;
			buildConfigurationList = D3826F242853A57000BFD607 /* Build configuration list for PBXNativeTarget "MoscowCityHackApp" */;
			buildPhases = (
				D3826F122853A56D00BFD607 /* Sources */,
				D3826F132853A56D00BFD607 /* Frameworks */,
				D3826F142853A56D00BFD607 /* Resources */,
			);
			buildRules = (
			);
			dependencies = (
			);
			name = MoscowCityHackApp;
			packageProductDependencies = (
				D3826F312853B3C600BFD607 /* RiveRuntime */,
			);
			productName = MoscowCityHackApp;
			productReference = D3826F162853A56D00BFD607 /* MoscowCityHackApp.app */;
			productType = "com.apple.product-type.application";
		};
/* End PBXNativeTarget section */

/* Begin PBXProject section */
		D3826F0E2853A56D00BFD607 /* Project object */ = {
			isa = PBXProject;
			attributes = {
				BuildIndependentTargetsInParallel = 1;
				LastSwiftUpdateCheck = 1320;
				LastUpgradeCheck = 1320;
				TargetAttributes = {
					D3826F152853A56D00BFD607 = {
						CreatedOnToolsVersion = 13.2.1;
					};
				};
			};
			buildConfigurationList = D3826F112853A56D00BFD607 /* Build configuration list for PBXProject "MoscowCityHackApp" */;
			compatibilityVersion = "Xcode 13.0";
			developmentRegion = en;
			hasScannedForEncodings = 0;
			knownRegions = (
				en,
				Base,
			);
			mainGroup = D3826F0D2853A56D00BFD607;
			packageReferences = (
				D3826F302853B3C500BFD607 /* XCRemoteSwiftPackageReference "rive-ios" */,
			);
			productRefGroup = D3826F172853A56D00BFD607 /* Products */;
			projectDirPath = "";
			projectRoot = "";
			targets = (
				D3826F152853A56D00BFD607 /* MoscowCityHackApp */,
			);
		};
/* End PBXProject section */

/* Begin PBXResourcesBuildPhase section */
		D3826F142853A56D00BFD607 /* Resources */ = {
			isa = PBXResourcesBuildPhase;
			buildActionMask = 2147483647;
			files = (
				D3826F442853BEE100BFD607 /* shapes.riv in Resources */,
				D3826F422853BEE100BFD607 /* icons.riv in Resources */,
				D3826F412853BEE100BFD607 /* house.riv in Resources */,
				D3826F682853C24500BFD607 /* Inter-SemiBold.ttf in Resources */,
				D3826F462853BEE100BFD607 /* button.riv in Resources */,
				D3826F432853BEE100BFD607 /* menu_button.riv in Resources */,
				D3826F212853A57000BFD607 /* Preview Assets.xcassets in Resources */,
				D3826F692853C24500BFD607 /* Poppins-Bold.ttf in Resources */,
				D3826F672853C24500BFD607 /* Inter-Regular.ttf in Resources */,
				D3826F3A2853BEBB00BFD607 /* confetti.riv in Resources */,
				D3826F452853BEE100BFD607 /* check.riv in Resources */,
				D3826F1E2853A57000BFD607 /* Assets.xcassets in Resources */,
			);
			runOnlyForDeploymentPostprocessing = 0;
		};
/* End PBXResourcesBuildPhase section */

/* Begin PBXSourcesBuildPhase section */
		D3826F122853A56D00BFD607 /* Sources */ = {
			isa = PBXSourcesBuildPhase;
			buildActionMask = 2147483647;
			files = (
				D3826F552853BF4B00BFD607 /* HCard.swift in Sources */,
				D3826F4B2853BEFB00BFD607 /* Course.swift in Sources */,
				D3826F5B2853BFBB00BFD607 /* HomeView.swift in Sources */,
				D3826F622853BFE600BFD607 /* TabBar.swift in Sources */,
				D3826F602853BFE600BFD607 /* SideMenu.swift in Sources */,
				D3826F352853BC9300BFD607 /* Extensions.swift in Sources */,
				D3826F372853BCDF00BFD607 /* SignInView.swift in Sources */,
				D3826F562853BF4B00BFD607 /* VCard.swift in Sources */,
				D3826F4F2853BF1900BFD607 /* CustomButton.swift in Sources */,
				D3AEEC762853DA000069C74D /* ProfileView.swift in Sources */,
				D3826F502853BF1900BFD607 /* CustomFont.swift in Sources */,
				D3AEEC742853D7A60069C74D /* UserDataService.swift in Sources */,
				D3AEEC782853DFEA0069C74D /* ViewModel.swift in Sources */,
				D3826F1A2853A56D00BFD607 /* MoscowCityHackAppApp.swift in Sources */,
				D3826F612853BFE600BFD607 /* ContentView.swift in Sources */,
				D3826F5A2853BFBB00BFD607 /* OnboardingView.swift in Sources */,
				D3826F4A2853BEFB00BFD607 /* CourseSection.swift in Sources */,
				D3826F512853BF1900BFD607 /* CustomTextField.swift in Sources */,
			);
			runOnlyForDeploymentPostprocessing = 0;
		};
/* End PBXSourcesBuildPhase section */

/* Begin XCBuildConfiguration section */
		D3826F222853A57000BFD607 /* Debug */ = {
			isa = XCBuildConfiguration;
			buildSettings = {
				ALWAYS_SEARCH_USER_PATHS = NO;
				CLANG_ANALYZER_NONNULL = YES;
				CLANG_ANALYZER_NUMBER_OBJECT_CONVERSION = YES_AGGRESSIVE;
				CLANG_CXX_LANGUAGE_STANDARD = "gnu++17";
				CLANG_CXX_LIBRARY = "libc++";
				CLANG_ENABLE_MODULES = YES;
				CLANG_ENABLE_OBJC_ARC = YES;
				CLANG_ENABLE_OBJC_WEAK = YES;
				CLANG_WARN_BLOCK_CAPTURE_AUTORELEASING = YES;
				CLANG_WARN_BOOL_CONVERSION = YES;
				CLANG_WARN_COMMA = YES;
				CLANG_WARN_CONSTANT_CONVERSION = YES;
				CLANG_WARN_DEPRECATED_OBJC_IMPLEMENTATIONS = YES;
				CLANG_WARN_DIRECT_OBJC_ISA_USAGE = YES_ERROR;
				CLANG_WARN_DOCUMENTATION_COMMENTS = YES;
				CLANG_WARN_EMPTY_BODY = YES;
				CLANG_WARN_ENUM_CONVERSION = YES;
				CLANG_WARN_INFINITE_RECURSION = YES;
				CLANG_WARN_INT_CONVERSION = YES;
				CLANG_WARN_NON_LITERAL_NULL_CONVERSION = YES;
				CLANG_WARN_OBJC_IMPLICIT_RETAIN_SELF = YES;
				CLANG_WARN_OBJC_LITERAL_CONVERSION = YES;
				CLANG_WARN_OBJC_ROOT_CLASS = YES_ERROR;
				CLANG_WARN_QUOTED_INCLUDE_IN_FRAMEWORK_HEADER = YES;
				CLANG_WARN_RANGE_LOOP_ANALYSIS = YES;
				CLANG_WARN_STRICT_PROTOTYPES = YES;
				CLANG_WARN_SUSPICIOUS_MOVE = YES;
				CLANG_WARN_UNGUARDED_AVAILABILITY = YES_AGGRESSIVE;
				CLANG_WARN_UNREACHABLE_CODE = YES;
				CLANG_WARN__DUPLICATE_METHOD_MATCH = YES;
				COPY_PHASE_STRIP = NO;
				DEBUG_INFORMATION_FORMAT = dwarf;
				ENABLE_STRICT_OBJC_MSGSEND = YES;
				ENABLE_TESTABILITY = YES;
				GCC_C_LANGUAGE_STANDARD = gnu11;
				GCC_DYNAMIC_NO_PIC = NO;
				GCC_NO_COMMON_BLOCKS = YES;
				GCC_OPTIMIZATION_LEVEL = 0;
				GCC_PREPROCESSOR_DEFINITIONS = (
					"DEBUG=1",
					"$(inherited)",
				);
				GCC_WARN_64_TO_32_BIT_CONVERSION = YES;
				GCC_WARN_ABOUT_RETURN_TYPE = YES_ERROR;
				GCC_WARN_UNDECLARED_SELECTOR = YES;
				GCC_WARN_UNINITIALIZED_AUTOS = YES_AGGRESSIVE;
				GCC_WARN_UNUSED_FUNCTION = YES;
				GCC_WARN_UNUSED_VARIABLE = YES;
				IPHONEOS_DEPLOYMENT_TARGET = 15.2;
				MTL_ENABLE_DEBUG_INFO = INCLUDE_SOURCE;
				MTL_FAST_MATH = YES;
				ONLY_ACTIVE_ARCH = YES;
				SDKROOT = iphoneos;
				SWIFT_ACTIVE_COMPILATION_CONDITIONS = DEBUG;
				SWIFT_OPTIMIZATION_LEVEL = "-Onone";
			};
			name = Debug;
		};
		D3826F232853A57000BFD607 /* Release */ = {
			isa = XCBuildConfiguration;
			buildSettings = {
				ALWAYS_SEARCH_USER_PATHS = NO;
				CLANG_ANALYZER_NONNULL = YES;
				CLANG_ANALYZER_NUMBER_OBJECT_CONVERSION = YES_AGGRESSIVE;
				CLANG_CXX_LANGUAGE_STANDARD = "gnu++17";
				CLANG_CXX_LIBRARY = "libc++";
				CLANG_ENABLE_MODULES = YES;
				CLANG_ENABLE_OBJC_ARC = YES;
				CLANG_ENABLE_OBJC_WEAK = YES;
				CLANG_WARN_BLOCK_CAPTURE_AUTORELEASING = YES;
				CLANG_WARN_BOOL_CONVERSION = YES;
				CLANG_WARN_COMMA = YES;
				CLANG_WARN_CONSTANT_CONVERSION = YES;
				CLANG_WARN_DEPRECATED_OBJC_IMPLEMENTATIONS = YES;
				CLANG_WARN_DIRECT_OBJC_ISA_USAGE = YES_ERROR;
				CLANG_WARN_DOCUMENTATION_COMMENTS = YES;
				CLANG_WARN_EMPTY_BODY = YES;
				CLANG_WARN_ENUM_CONVERSION = YES;
				CLANG_WARN_INFINITE_RECURSION = YES;
				CLANG_WARN_INT_CONVERSION = YES;
				CLANG_WARN_NON_LITERAL_NULL_CONVERSION = YES;
				CLANG_WARN_OBJC_IMPLICIT_RETAIN_SELF = YES;
				CLANG_WARN_OBJC_LITERAL_CONVERSION = YES;
				CLANG_WARN_OBJC_ROOT_CLASS = YES_ERROR;
				CLANG_WARN_QUOTED_INCLUDE_IN_FRAMEWORK_HEADER = YES;
				CLANG_WARN_RANGE_LOOP_ANALYSIS = YES;
				CLANG_WARN_STRICT_PROTOTYPES = YES;
				CLANG_WARN_SUSPICIOUS_MOVE = YES;
				CLANG_WARN_UNGUARDED_AVAILABILITY = YES_AGGRESSIVE;
				CLANG_WARN_UNREACHABLE_CODE = YES;
				CLANG_WARN__DUPLICATE_METHOD_MATCH = YES;
				COPY_PHASE_STRIP = NO;
				DEBUG_INFORMATION_FORMAT = "dwarf-with-dsym";
				ENABLE_NS_ASSERTIONS = NO;
				ENABLE_STRICT_OBJC_MSGSEND = YES;
				GCC_C_LANGUAGE_STANDARD = gnu11;
				GCC_NO_COMMON_BLOCKS = YES;
				GCC_WARN_64_TO_32_BIT_CONVERSION = YES;
				GCC_WARN_ABOUT_RETURN_TYPE = YES_ERROR;
				GCC_WARN_UNDECLARED_SELECTOR = YES;
				GCC_WARN_UNINITIALIZED_AUTOS = YES_AGGRESSIVE;
				GCC_WARN_UNUSED_FUNCTION = YES;
				GCC_WARN_UNUSED_VARIABLE = YES;
				IPHONEOS_DEPLOYMENT_TARGET = 15.2;
				MTL_ENABLE_DEBUG_INFO = NO;
				MTL_FAST_MATH = YES;
				SDKROOT = iphoneos;
				SWIFT_COMPILATION_MODE = wholemodule;
				SWIFT_OPTIMIZATION_LEVEL = "-O";
				VALIDATE_PRODUCT = YES;
			};
			name = Release;
		};
		D3826F252853A57000BFD607 /* Debug */ = {
			isa = XCBuildConfiguration;
			buildSettings = {
				ASSETCATALOG_COMPILER_APPICON_NAME = AppIcon;
				ASSETCATALOG_COMPILER_GLOBAL_ACCENT_COLOR_NAME = AccentColor;
				CODE_SIGN_STYLE = Automatic;
				CURRENT_PROJECT_VERSION = 1;
				DEVELOPMENT_ASSET_PATHS = "\"MoscowCityHackApp/Preview Content\"";
				DEVELOPMENT_TEAM = BFLW5CDF8X;
				ENABLE_PREVIEWS = YES;
				GENERATE_INFOPLIST_FILE = YES;
				INFOPLIST_KEY_UIApplicationSceneManifest_Generation = YES;
				INFOPLIST_KEY_UIApplicationSupportsIndirectInputEvents = YES;
				INFOPLIST_KEY_UILaunchScreen_Generation = YES;
				INFOPLIST_KEY_UISupportedInterfaceOrientations_iPad = "UIInterfaceOrientationPortrait UIInterfaceOrientationPortraitUpsideDown UIInterfaceOrientationLandscapeLeft UIInterfaceOrientationLandscapeRight";
				INFOPLIST_KEY_UISupportedInterfaceOrientations_iPhone = "UIInterfaceOrientationPortrait UIInterfaceOrientationLandscapeLeft UIInterfaceOrientationLandscapeRight";
				LD_RUNPATH_SEARCH_PATHS = (
					"$(inherited)",
					"@executable_path/Frameworks",
				);
				MARKETING_VERSION = 1.0;
				PRODUCT_BUNDLE_IDENTIFIER = com.mikhail.moscowcityhack.MoscowCityHackApp;
				PRODUCT_NAME = "$(TARGET_NAME)";
				SWIFT_EMIT_LOC_STRINGS = YES;
				SWIFT_VERSION = 5.0;
				TARGETED_DEVICE_FAMILY = "1,2";
			};
			name = Debug;
		};
		D3826F262853A57000BFD607 /* Release */ = {
			isa = XCBuildConfiguration;
			buildSettings = {
				ASSETCATALOG_COMPILER_APPICON_NAME = AppIcon;
				ASSETCATALOG_COMPILER_GLOBAL_ACCENT_COLOR_NAME = AccentColor;
				CODE_SIGN_STYLE = Automatic;
				CURRENT_PROJECT_VERSION = 1;
				DEVELOPMENT_ASSET_PATHS = "\"MoscowCityHackApp/Preview Content\"";
				DEVELOPMENT_TEAM = BFLW5CDF8X;
				ENABLE_PREVIEWS = YES;
				GENERATE_INFOPLIST_FILE = YES;
				INFOPLIST_KEY_UIApplicationSceneManifest_Generation = YES;
				INFOPLIST_KEY_UIApplicationSupportsIndirectInputEvents = YES;
				INFOPLIST_KEY_UILaunchScreen_Generation = YES;
				INFOPLIST_KEY_UISupportedInterfaceOrientations_iPad = "UIInterfaceOrientationPortrait UIInterfaceOrientationPortraitUpsideDown UIInterfaceOrientationLandscapeLeft UIInterfaceOrientationLandscapeRight";
				INFOPLIST_KEY_UISupportedInterfaceOrientations_iPhone = "UIInterfaceOrientationPortrait UIInterfaceOrientationLandscapeLeft UIInterfaceOrientationLandscapeRight";
				LD_RUNPATH_SEARCH_PATHS = (
					"$(inherited)",
					"@executable_path/Frameworks",
				);
				MARKETING_VERSION = 1.0;
				PRODUCT_BUNDLE_IDENTIFIER = com.mikhail.moscowcityhack.MoscowCityHackApp;
				PRODUCT_NAME = "$(TARGET_NAME)";
				SWIFT_EMIT_LOC_STRINGS = YES;
				SWIFT_VERSION = 5.0;
				TARGETED_DEVICE_FAMILY = "1,2";
			};
			name = Release;
		};
/* End XCBuildConfiguration section */

/* Begin XCConfigurationList section */
		D3826F112853A56D00BFD607 /* Build configuration list for PBXProject "MoscowCityHackApp" */ = {
			isa = XCConfigurationList;
			buildConfigurations = (
				D3826F222853A57000BFD607 /* Debug */,
				D3826F232853A57000BFD607 /* Release */,
			);
			defaultConfigurationIsVisible = 0;
			defaultConfigurationName = Release;
		};
		D3826F242853A57000BFD607 /* Build configuration list for PBXNativeTarget "MoscowCityHackApp" */ = {
			isa = XCConfigurationList;
			buildConfigurations = (
				D3826F252853A57000BFD607 /* Debug */,
				D3826F262853A57000BFD607 /* Release */,
			);
			defaultConfigurationIsVisible = 0;
			defaultConfigurationName = Release;
		};
/* End XCConfigurationList section */

/* Begin XCRemoteSwiftPackageReference section */
		D3826F302853B3C500BFD607 /* XCRemoteSwiftPackageReference "rive-ios" */ = {
			isa = XCRemoteSwiftPackageReference;
			repositoryURL = "https://github.com/rive-app/rive-ios";
			requirement = {
				kind = upToNextMajorVersion;
				minimumVersion = 2.0.0;
			};
		};
/* End XCRemoteSwiftPackageReference section */

/* Begin XCSwiftPackageProductDependency section */
		D3826F312853B3C600BFD607 /* RiveRuntime */ = {
			isa = XCSwiftPackageProductDependency;
			package = D3826F302853B3C500BFD607 /* XCRemoteSwiftPackageReference "rive-ios" */;
			productName = RiveRuntime;
		};
/* End XCSwiftPackageProductDependency section */
	};
	rootObject = D3826F0E2853A56D00BFD607 /* Project object */;
}
